// !$*UTF8*$!
{
	archiveVersion = 1;
	classes = {
	};
	objectVersion = 46;
	objects = {

/* Begin PBXBuildFile section */
		C5531E191F57C4AA00325703 /* AppDelegate.swift in Sources */ = {isa = PBXBuildFile; fileRef = C5531E181F57C4AA00325703 /* AppDelegate.swift */; };
		C5531E1E1F57C4AA00325703 /* Main.storyboard in Resources */ = {isa = PBXBuildFile; fileRef = C5531E1C1F57C4AA00325703 /* Main.storyboard */; };
		C5531E201F57C4AA00325703 /* Assets.xcassets in Resources */ = {isa = PBXBuildFile; fileRef = C5531E1F1F57C4AA00325703 /* Assets.xcassets */; };
		C5531E231F57C4AA00325703 /* LaunchScreen.storyboard in Resources */ = {isa = PBXBuildFile; fileRef = C5531E211F57C4AA00325703 /* LaunchScreen.storyboard */; };
		C5531E2B1F57C63100325703 /* PostsViewController.swift in Sources */ = {isa = PBXBuildFile; fileRef = C5531E2A1F57C63100325703 /* PostsViewController.swift */; };
		C5531E2D1F57C7BC00325703 /* PostViewController.swift in Sources */ = {isa = PBXBuildFile; fileRef = C5531E2C1F57C7BC00325703 /* PostViewController.swift */; };
		C5531E2F1F57C86E00325703 /* Utilities.swift in Sources */ = {isa = PBXBuildFile; fileRef = C5531E2E1F57C86E00325703 /* Utilities.swift */; };
		C5531E381F57CBF400325703 /* PostCell.swift in Sources */ = {isa = PBXBuildFile; fileRef = C5531E371F57CBF400325703 /* PostCell.swift */; };
		C5531E3A1F57CF1100325703 /* Post.swift in Sources */ = {isa = PBXBuildFile; fileRef = C5531E391F57CF1100325703 /* Post.swift */; };
/* End PBXBuildFile section */

/* Begin PBXFileReference section */
		C5531E151F57C4AA00325703 /* uTunes.app */ = {isa = PBXFileReference; explicitFileType = wrapper.application; includeInIndex = 0; path = uTunes.app; sourceTree = BUILT_PRODUCTS_DIR; };
		C5531E181F57C4AA00325703 /* AppDelegate.swift */ = {isa = PBXFileReference; lastKnownFileType = sourcecode.swift; path = AppDelegate.swift; sourceTree = "<group>"; };
		C5531E1D1F57C4AA00325703 /* Base */ = {isa = PBXFileReference; lastKnownFileType = file.storyboard; name = Base; path = Base.lproj/Main.storyboard; sourceTree = "<group>"; };
		C5531E1F1F57C4AA00325703 /* Assets.xcassets */ = {isa = PBXFileReference; lastKnownFileType = folder.assetcatalog; path = Assets.xcassets; sourceTree = "<group>"; };
		C5531E221F57C4AA00325703 /* Base */ = {isa = PBXFileReference; lastKnownFileType = file.storyboard; name = Base; path = Base.lproj/LaunchScreen.storyboard; sourceTree = "<group>"; };
		C5531E241F57C4AA00325703 /* Info.plist */ = {isa = PBXFileReference; lastKnownFileType = text.plist.xml; path = Info.plist; sourceTree = "<group>"; };
		C5531E2A1F57C63100325703 /* PostsViewController.swift */ = {isa = PBXFileReference; fileEncoding = 4; lastKnownFileType = sourcecode.swift; path = PostsViewController.swift; sourceTree = "<group>"; };
		C5531E2C1F57C7BC00325703 /* PostViewController.swift */ = {isa = PBXFileReference; fileEncoding = 4; lastKnownFileType = sourcecode.swift; path = PostViewController.swift; sourceTree = "<group>"; };
		C5531E2E1F57C86E00325703 /* Utilities.swift */ = {isa = PBXFileReference; fileEncoding = 4; lastKnownFileType = sourcecode.swift; name = Utilities.swift; path = uTunes/Utilities.swift; sourceTree = "<group>"; };
		C5531E371F57CBF400325703 /* PostCell.swift */ = {isa = PBXFileReference; fileEncoding = 4; lastKnownFileType = sourcecode.swift; path = PostCell.swift; sourceTree = "<group>"; };
		C5531E391F57CF1100325703 /* Post.swift */ = {isa = PBXFileReference; fileEncoding = 4; lastKnownFileType = sourcecode.swift; path = Post.swift; sourceTree = "<group>"; };
/* End PBXFileReference section */

/* Begin PBXFrameworksBuildPhase section */
		C5531E121F57C4AA00325703 /* Frameworks */ = {
			isa = PBXFrameworksBuildPhase;
			buildActionMask = 2147483647;
			files = (
			);
			runOnlyForDeploymentPostprocessing = 0;
		};
/* End PBXFrameworksBuildPhase section */

/* Begin PBXGroup section */
		C5531E0C1F57C4AA00325703 = {
			isa = PBXGroup;
			children = (
				C5531E301F57C8B500325703 /* Shared */,
				C5531E171F57C4AA00325703 /* uTunes iOS */,
				C5531E311F57C8C500325703 /* uTunes macOS */,
				C5531E161F57C4AA00325703 /* Products */,
			);
			sourceTree = "<group>";
		};
		C5531E161F57C4AA00325703 /* Products */ = {
			isa = PBXGroup;
			children = (
				C5531E151F57C4AA00325703 /* uTunes.app */,
			);
			name = Products;
			sourceTree = "<group>";
		};
		C5531E171F57C4AA00325703 /* uTunes iOS */ = {
			isa = PBXGroup;
			children = (
				C5531E361F57C91C00325703 /* Models */,
				C5531E351F57C91600325703 /* Views */,
				C5531E321F57C8F000325703 /* Controllers */,
				C5531E331F57C8FE00325703 /* Storyboards */,
				C5531E341F57C90800325703 /* Supporting Files */,
			);
			name = "uTunes iOS";
			path = uTunes;
			sourceTree = "<group>";
		};
		C5531E301F57C8B500325703 /* Shared */ = {
			isa = PBXGroup;
			children = (
				C5531E2E1F57C86E00325703 /* Utilities.swift */,
			);
			name = Shared;
			sourceTree = "<group>";
		};
		C5531E311F57C8C500325703 /* uTunes macOS */ = {
			isa = PBXGroup;
			children = (
			);
			name = "uTunes macOS";
			sourceTree = "<group>";
		};
		C5531E321F57C8F000325703 /* Controllers */ = {
			isa = PBXGroup;
			children = (
				C5531E181F57C4AA00325703 /* AppDelegate.swift */,
				C5531E2A1F57C63100325703 /* PostsViewController.swift */,
				C5531E2C1F57C7BC00325703 /* PostViewController.swift */,
			);
			name = Controllers;
			sourceTree = "<group>";
		};
		C5531E331F57C8FE00325703 /* Storyboards */ = {
			isa = PBXGroup;
			children = (
				C5531E1C1F57C4AA00325703 /* Main.storyboard */,
				C5531E211F57C4AA00325703 /* LaunchScreen.storyboard */,
			);
			name = Storyboards;
			sourceTree = "<group>";
		};
		C5531E341F57C90800325703 /* Supporting Files */ = {
			isa = PBXGroup;
			children = (
				C5531E1F1F57C4AA00325703 /* Assets.xcassets */,
				C5531E241F57C4AA00325703 /* Info.plist */,
			);
			name = "Supporting Files";
			sourceTree = "<group>";
		};
		C5531E351F57C91600325703 /* Views */ = {
			isa = PBXGroup;
			children = (
				C5531E371F57CBF400325703 /* PostCell.swift */,
			);
			name = Views;
			sourceTree = "<group>";
		};
		C5531E361F57C91C00325703 /* Models */ = {
			isa = PBXGroup;
			children = (
				C5531E391F57CF1100325703 /* Post.swift */,
			);
			name = Models;
			sourceTree = "<group>";
		};
/* End PBXGroup section */

/* Begin PBXNativeTarget section */
		C5531E141F57C4AA00325703 /* uTunes */ = {
			isa = PBXNativeTarget;
			buildConfigurationList = C5531E271F57C4AA00325703 /* Build configuration list for PBXNativeTarget "uTunes" */;
			buildPhases = (
				C5531E111F57C4AA00325703 /* Sources */,
				C5531E121F57C4AA00325703 /* Frameworks */,
				C5531E131F57C4AA00325703 /* Resources */,
			);
			buildRules = (
			);
			dependencies = (
			);
			name = uTunes;
			productName = uTunes;
			productReference = C5531E151F57C4AA00325703 /* uTunes.app */;
			productType = "com.apple.product-type.application";
		};
/* End PBXNativeTarget section */

/* Begin PBXProject section */
		C5531E0D1F57C4AA00325703 /* Project object */ = {
			isa = PBXProject;
			attributes = {
				LastSwiftUpdateCheck = 0830;
				LastUpgradeCheck = 0830;
				ORGANIZATIONNAME = Duckensburg;
				TargetAttributes = {
					C5531E141F57C4AA00325703 = {
						CreatedOnToolsVersion = 8.3.3;
						DevelopmentTeam = ZLUJC28Y9H;
						ProvisioningStyle = Automatic;
					};
				};
			};
			buildConfigurationList = C5531E101F57C4AA00325703 /* Build configuration list for PBXProject "uTunes" */;
			compatibilityVersion = "Xcode 3.2";
			developmentRegion = English;
			hasScannedForEncodings = 0;
			knownRegions = (
				en,
				Base,
			);
			mainGroup = C5531E0C1F57C4AA00325703;
			productRefGroup = C5531E161F57C4AA00325703 /* Products */;
			projectDirPath = "";
			projectRoot = "";
			targets = (
				C5531E141F57C4AA00325703 /* uTunes */,
			);
		};
/* End PBXProject section */

/* Begin PBXResourcesBuildPhase section */
		C5531E131F57C4AA00325703 /* Resources */ = {
			isa = PBXResourcesBuildPhase;
			buildActionMask = 2147483647;
			files = (
				C5531E231F57C4AA00325703 /* LaunchScreen.storyboard in Resources */,
				C5531E201F57C4AA00325703 /* Assets.xcassets in Resources */,
				C5531E1E1F57C4AA00325703 /* Main.storyboard in Resources */,
			);
			runOnlyForDeploymentPostprocessing = 0;
		};
/* End PBXResourcesBuildPhase section */

/* Begin PBXSourcesBuildPhase section */
		C5531E111F57C4AA00325703 /* Sources */ = {
			isa = PBXSourcesBuildPhase;
			buildActionMask = 2147483647;
			files = (
				C5531E2D1F57C7BC00325703 /* PostViewController.swift in Sources */,
				C5531E2B1F57C63100325703 /* PostsViewController.swift in Sources */,
				C5531E2F1F57C86E00325703 /* Utilities.swift in Sources */,
				C5531E3A1F57CF1100325703 /* Post.swift in Sources */,
				C5531E191F57C4AA00325703 /* AppDelegate.swift in Sources */,
				C5531E381F57CBF400325703 /* PostCell.swift in Sources */,
			);
			runOnlyForDeploymentPostprocessing = 0;
		};
/* End PBXSourcesBuildPhase section */

/* Begin PBXVariantGroup section */
		C5531E1C1F57C4AA00325703 /* Main.storyboard */ = {
			isa = PBXVariantGroup;
			children = (
				C5531E1D1F57C4AA00325703 /* Base */,
			);
			name = Main.storyboard;
			sourceTree = "<group>";
		};
		C5531E211F57C4AA00325703 /* LaunchScreen.storyboard */ = {
			isa = PBXVariantGroup;
			children = (
				C5531E221F57C4AA00325703 /* Base */,
			);
			name = LaunchScreen.storyboard;
			sourceTree = "<group>";
		};
/* End PBXVariantGroup section */

/* Begin XCBuildConfiguration section */
		C5531E251F57C4AA00325703 /* Debug */ = {
			isa = XCBuildConfiguration;
			buildSettings = {
				ALWAYS_SEARCH_USER_PATHS = NO;
				CLANG_ANALYZER_NONNULL = YES;
				CLANG_ANALYZER_NUMBER_OBJECT_CONVERSION = YES_AGGRESSIVE;
				CLANG_CXX_LANGUAGE_STANDARD = "gnu++0x";
				CLANG_CXX_LIBRARY = "libc++";
				CLANG_ENABLE_MODULES = YES;
				CLANG_ENABLE_OBJC_ARC = YES;
				CLANG_WARN_BOOL_CONVERSION = YES;
				CLANG_WARN_CONSTANT_CONVERSION = YES;
				CLANG_WARN_DIRECT_OBJC_ISA_USAGE = YES_ERROR;
				CLANG_WARN_DOCUMENTATION_COMMENTS = YES;
				CLANG_WARN_EMPTY_BODY = YES;
				CLANG_WARN_ENUM_CONVERSION = YES;
				CLANG_WARN_INFINITE_RECURSION = YES;
				CLANG_WARN_INT_CONVERSION = YES;
				CLANG_WARN_OBJC_ROOT_CLASS = YES_ERROR;
				CLANG_WARN_SUSPICIOUS_MOVE = YES;
				CLANG_WARN_UNREACHABLE_CODE = YES;
				CLANG_WARN__DUPLICATE_METHOD_MATCH = YES;
				"CODE_SIGN_IDENTITY[sdk=iphoneos*]" = "iPhone Developer";
				COPY_PHASE_STRIP = NO;
				DEBUG_INFORMATION_FORMAT = dwarf;
				ENABLE_STRICT_OBJC_MSGSEND = YES;
				ENABLE_TESTABILITY = YES;
				GCC_C_LANGUAGE_STANDARD = gnu99;
				GCC_DYNAMIC_NO_PIC = NO;
				GCC_NO_COMMON_BLOCKS = YES;
				GCC_OPTIMIZATION_LEVEL = 0;
				GCC_PREPROCESSOR_DEFINITIONS = (
					"DEBUG=1",
					"$(inherited)",
				);
				GCC_WARN_64_TO_32_BIT_CONVERSION = YES;
				GCC_WARN_ABOUT_RETURN_TYPE = YES_ERROR;
				GCC_WARN_UNDECLARED_SELECTOR = YES;
				GCC_WARN_UNINITIALIZED_AUTOS = YES_AGGRESSIVE;
				GCC_WARN_UNUSED_FUNCTION = YES;
				GCC_WARN_UNUSED_VARIABLE = YES;
				IPHONEOS_DEPLOYMENT_TARGET = 10.3;
				MTL_ENABLE_DEBUG_INFO = YES;
				ONLY_ACTIVE_ARCH = YES;
				SDKROOT = iphoneos;
				SWIFT_ACTIVE_COMPILATION_CONDITIONS = DEBUG;
				SWIFT_OPTIMIZATION_LEVEL = "-Onone";
				TARGETED_DEVICE_FAMILY = "1,2";
			};
			name = Debug;
		};
		C5531E261F57C4AA00325703 /* Release */ = {
			isa = XCBuildConfiguration;
			buildSettings = {
				ALWAYS_SEARCH_USER_PATHS = NO;
				CLANG_ANALYZER_NONNULL = YES;
				CLANG_ANALYZER_NUMBER_OBJECT_CONVERSION = YES_AGGRESSIVE;
				CLANG_CXX_LANGUAGE_STANDARD = "gnu++0x";
				CLANG_CXX_LIBRARY = "libc++";
				CLANG_ENABLE_MODULES = YES;
				CLANG_ENABLE_OBJC_ARC = YES;
				CLANG_WARN_BOOL_CONVERSION = YES;
				CLANG_WARN_CONSTANT_CONVERSION = YES;
				CLANG_WARN_DIRECT_OBJC_ISA_USAGE = YES_ERROR;
				CLANG_WARN_DOCUMENTATION_COMMENTS = YES;
				CLANG_WARN_EMPTY_BODY = YES;
				CLANG_WARN_ENUM_CONVERSION = YES;
				CLANG_WARN_INFINITE_RECURSION = YES;
				CLANG_WARN_INT_CONVERSION = YES;
				CLANG_WARN_OBJC_ROOT_CLASS = YES_ERROR;
				CLANG_WARN_SUSPICIOUS_MOVE = YES;
				CLANG_WARN_UNREACHABLE_CODE = YES;
				CLANG_WARN__DUPLICATE_METHOD_MATCH = YES;
				"CODE_SIGN_IDENTITY[sdk=iphoneos*]" = "iPhone Developer";
				COPY_PHASE_STRIP = NO;
				DEBUG_INFORMATION_FORMAT = "dwarf-with-dsym";
				ENABLE_NS_ASSERTIONS = NO;
				ENABLE_STRICT_OBJC_MSGSEND = YES;
				GCC_C_LANGUAGE_STANDARD = gnu99;
				GCC_NO_COMMON_BLOCKS = YES;
				GCC_WARN_64_TO_32_BIT_CONVERSION = YES;
				GCC_WARN_ABOUT_RETURN_TYPE = YES_ERROR;
				GCC_WARN_UNDECLARED_SELECTOR = YES;
				GCC_WARN_UNINITIALIZED_AUTOS = YES_AGGRESSIVE;
				GCC_WARN_UNUSED_FUNCTION = YES;
				GCC_WARN_UNUSED_VARIABLE = YES;
				IPHONEOS_DEPLOYMENT_TARGET = 10.3;
				MTL_ENABLE_DEBUG_INFO = NO;
				SDKROOT = iphoneos;
				SWIFT_OPTIMIZATION_LEVEL = "-Owholemodule";
				TARGETED_DEVICE_FAMILY = "1,2";
				VALIDATE_PRODUCT = YES;
			};
			name = Release;
		};
		C5531E281F57C4AA00325703 /* Debug */ = {
			isa = XCBuildConfiguration;
			buildSettings = {
				ASSETCATALOG_COMPILER_APPICON_NAME = AppIcon;
				DEVELOPMENT_TEAM = ZLUJC28Y9H;
				INFOPLIST_FILE = uTunes/Info.plist;
				LD_RUNPATH_SEARCH_PATHS = "$(inherited) @executable_path/Frameworks";
				PRODUCT_BUNDLE_IDENTIFIER = Duckensburg.uTunes;
				PRODUCT_NAME = "$(TARGET_NAME)";
				SWIFT_VERSION = 3.0;
			};
			name = Debug;
		};
		C5531E291F57C4AA00325703 /* Release */ = {
			isa = XCBuildConfiguration;
			buildSettings = {
				ASSETCATALOG_COMPILER_APPICON_NAME = AppIcon;
				DEVELOPMENT_TEAM = ZLUJC28Y9H;
				INFOPLIST_FILE = uTunes/Info.plist;
				LD_RUNPATH_SEARCH_PATHS = "$(inherited) @executable_path/Frameworks";
				PRODUCT_BUNDLE_IDENTIFIER = Duckensburg.uTunes;
				PRODUCT_NAME = "$(TARGET_NAME)";
				SWIFT_VERSION = 3.0;
			};
			name = Release;
		};
/* End XCBuildConfiguration section */

/* Begin XCConfigurationList section */
		C5531E101F57C4AA00325703 /* Build configuration list for PBXProject "uTunes" */ = {
			isa = XCConfigurationList;
			buildConfigurations = (
				C5531E251F57C4AA00325703 /* Debug */,
				C5531E261F57C4AA00325703 /* Release */,
			);
			defaultConfigurationIsVisible = 0;
			defaultConfigurationName = Release;
		};
		C5531E271F57C4AA00325703 /* Build configuration list for PBXNativeTarget "uTunes" */ = {
			isa = XCConfigurationList;
			buildConfigurations = (
				C5531E281F57C4AA00325703 /* Debug */,
				C5531E291F57C4AA00325703 /* Release */,
			);
			defaultConfigurationIsVisible = 0;
		};
/* End XCConfigurationList section */
	};
	rootObject = C5531E0D1F57C4AA00325703 /* Project object */;
}
